
Microsoft Visual Studio Solution File, Format Version 12.00
# Visual Studio Version 17
VisualStudioVersion = 17.14.36221.1 d17.14
MinimumVisualStudioVersion = 10.0.40219.1
Project("{FAE04EC0-301F-11D3-BF4B-00C04F79EFBC}") = "SimpleWKTApplication", "SimpleWKTApplication\SimpleWKTApplication.csproj", "{8D5E1EF4-8491-42AA-91C9-D6A0810B1F27}"
EndProject
Global
	GlobalSection(SolutionConfigurationPlatforms) = preSolution
		Debug|Any CPU = Debug|Any CPU
		Release|Any CPU = Release|Any CPU
	EndGlobalSection
	GlobalSection(ProjectConfigurationPlatforms) = postSolution
		{8D5E1EF4-8491-42AA-91C9-D6A0810B1F27}.Debug|Any CPU.ActiveCfg = Debug|Any CPU
		{8D5E1EF4-8491-42AA-91C9-D6A0810B1F27}.Debug|Any CPU.Build.0 = Debug|Any CPU
		{8D5E1EF4-8491-42AA-91C9-D6A0810B1F27}.Release|Any CPU.ActiveCfg = Release|Any CPU
		{8D5E1EF4-8491-42AA-91C9-D6A0810B1F27}.Release|Any CPU.Build.0 = Release|Any CPU
	EndGlobalSection
	GlobalSection(SolutionProperties) = preSolution
		HideSolutionNode = FALSE
	EndGlobalSection
	GlobalSection(ExtensibilityGlobals) = postSolution
		SolutionGuid = {C11C2C38-22BC-42DE-ABEC-1B18BE1C0326}
	EndGlobalSection
EndGlobal
